
Microsoft Visual Studio Solution File, Format Version 12.00
# Visual Studio Version 17
VisualStudioVersion = 17.11.35219.272
MinimumVisualStudioVersion = 10.0.40219.1
Project("{FAE04EC0-301F-11D3-BF4B-00C04F79EFBC}") = "Basic Calculator", "Basic Calculator\Basic Calculator.csproj", "{948BD385-B662-4F7C-A09B-558510BFF350}"
EndProject
Global
	GlobalSection(SolutionConfigurationPlatforms) = preSolution
		Debug|Any CPU = Debug|Any CPU
		Release|Any CPU = Release|Any CPU
	EndGlobalSection
	GlobalSection(ProjectConfigurationPlatforms) = postSolution
		{948BD385-B662-4F7C-A09B-558510BFF350}.Debug|Any CPU.ActiveCfg = Debug|Any CPU
		{948BD385-B662-4F7C-A09B-558510BFF350}.Debug|Any CPU.Build.0 = Debug|Any CPU
		{948BD385-B662-4F7C-A09B-558510BFF350}.Release|Any CPU.ActiveCfg = Release|Any CPU
		{948BD385-B662-4F7C-A09B-558510BFF350}.Release|Any CPU.Build.0 = Release|Any CPU
	EndGlobalSection
	GlobalSection(SolutionProperties) = preSolution
		HideSolutionNode = FALSE
	EndGlobalSection
	GlobalSection(ExtensibilityGlobals) = postSolution
		SolutionGuid = {04034D78-38B1-4E4D-8DE3-2B147C26A7F0}
	EndGlobalSection
EndGlobal
